
Microsoft Visual Studio Solution File, Format Version 12.00
# Visual Studio Version 16
VisualStudioVersion = 16.0.30320.27
MinimumVisualStudioVersion = 10.0.40219.1
Project("{FAE04EC0-301F-11D3-BF4B-00C04F79EFBC}") = "ShoppingIntegrationExample", "ShoppingIntegrationExample\ShoppingIntegrationExample.csproj", "{1522921C-535C-4428-9262-369C4CEBBE5B}"
EndProject
Project("{FAE04EC0-301F-11D3-BF4B-00C04F79EFBC}") = "IntegrationCheckOut", "IntegrationCheckOut\IntegrationCheckOut.csproj", "{15A7DD0E-3086-459A-8AB4-0A7E8EBAF3E8}"
EndProject
Global
	GlobalSection(SolutionConfigurationPlatforms) = preSolution
		Debug|Any CPU = Debug|Any CPU
		Release|Any CPU = Release|Any CPU
	EndGlobalSection
	GlobalSection(ProjectConfigurationPlatforms) = postSolution
		{1522921C-535C-4428-9262-369C4CEBBE5B}.Debug|Any CPU.ActiveCfg = Debug|Any CPU
		{1522921C-535C-4428-9262-369C4CEBBE5B}.Debug|Any CPU.Build.0 = Debug|Any CPU
		{1522921C-535C-4428-9262-369C4CEBBE5B}.Release|Any CPU.ActiveCfg = Release|Any CPU
		{1522921C-535C-4428-9262-369C4CEBBE5B}.Release|Any CPU.Build.0 = Release|Any CPU
		{15A7DD0E-3086-459A-8AB4-0A7E8EBAF3E8}.Debug|Any CPU.ActiveCfg = Debug|Any CPU
		{15A7DD0E-3086-459A-8AB4-0A7E8EBAF3E8}.Debug|Any CPU.Build.0 = Debug|Any CPU
		{15A7DD0E-3086-459A-8AB4-0A7E8EBAF3E8}.Release|Any CPU.ActiveCfg = Release|Any CPU
		{15A7DD0E-3086-459A-8AB4-0A7E8EBAF3E8}.Release|Any CPU.Build.0 = Release|Any CPU
	EndGlobalSection
	GlobalSection(SolutionProperties) = preSolution
		HideSolutionNode = FALSE
	EndGlobalSection
	GlobalSection(ExtensibilityGlobals) = postSolution
		SolutionGuid = {B44D689F-2B0D-49BC-A566-C6AF60312DBB}
	EndGlobalSection
EndGlobal
